
Microsoft Visual Studio Solution File, Format Version 12.00
# Visual Studio Version 17
VisualStudioVersion = 17.8.34525.116
MinimumVisualStudioVersion = 10.0.40219.1
Project("{FAE04EC0-301F-11D3-BF4B-00C04F79EFBC}") = "number convertion simple", "number convertion simple.csproj", "{BAD2D78A-3000-4AB5-B1CD-B0DEE69928E2}"
EndProject
Global
	GlobalSection(SolutionConfigurationPlatforms) = preSolution
		Debug|Any CPU = Debug|Any CPU
		Release|Any CPU = Release|Any CPU
	EndGlobalSection
	GlobalSection(ProjectConfigurationPlatforms) = postSolution
		{BAD2D78A-3000-4AB5-B1CD-B0DEE69928E2}.Debug|Any CPU.ActiveCfg = Debug|Any CPU
		{BAD2D78A-3000-4AB5-B1CD-B0DEE69928E2}.Debug|Any CPU.Build.0 = Debug|Any CPU
		{BAD2D78A-3000-4AB5-B1CD-B0DEE69928E2}.Release|Any CPU.ActiveCfg = Release|Any CPU
		{BAD2D78A-3000-4AB5-B1CD-B0DEE69928E2}.Release|Any CPU.Build.0 = Release|Any CPU
	EndGlobalSection
	GlobalSection(SolutionProperties) = preSolution
		HideSolutionNode = FALSE
	EndGlobalSection
	GlobalSection(ExtensibilityGlobals) = postSolution
		SolutionGuid = {5B01DE32-A1DF-4834-8DBF-A766F5F7DB0D}
	EndGlobalSection
EndGlobal
